Microsoft Visual Studio Solution File, Format Version 11.00
# Visual Studio 2008

Project("{2AC3D1C6-5046-AB08-E856-B477D1969A63}") = "AmoebaColorsUnity", "Assembly-CSharp.csproj", "{470EE01A-6C12-114A-924A-288E5CAAA8A2}"
EndProject
Global
	GlobalSection(SolutionConfigurationPlatforms) = preSolution
		Debug|Any CPU = Debug|Any CPU
		Release|Any CPU = Release|Any CPU
	EndGlobalSection
	GlobalSection(ProjectConfigurationPlatforms) = postSolution
		{470EE01A-6C12-114A-924A-288E5CAAA8A2}.Debug|Any CPU.ActiveCfg = Debug|Any CPU
		{470EE01A-6C12-114A-924A-288E5CAAA8A2}.Debug|Any CPU.Build.0 = Debug|Any CPU
		{470EE01A-6C12-114A-924A-288E5CAAA8A2}.Release|Any CPU.ActiveCfg = Release|Any CPU
		{470EE01A-6C12-114A-924A-288E5CAAA8A2}.Release|Any CPU.Build.0 = Release|Any CPU
	EndGlobalSection
	GlobalSection(SolutionProperties) = preSolution
		HideSolutionNode = FALSE
	EndGlobalSection
			GlobalSection(MonoDevelopProperties) = preSolution
		StartupItem = Assembly-CSharp.csproj
		Policies = $0
		$0.TextStylePolicy = $1
		$1.inheritsSet = null
		$1.scope = text/x-csharp
		$0.CSharpFormattingPolicy = $2
		$2.inheritsSet = Mono
		$2.inheritsScope = text/x-csharp
		$2.scope = text/x-csharp
		$0.TextStylePolicy = $3
		$3.FileWidth = 120
		$3.TabWidth = 4
		$3.IndentWidth = 4
		$3.EolMarker = Unix
		$3.inheritsSet = Mono
		$3.inheritsScope = text/plain
		$3.scope = text/plain
	EndGlobalSection

EndGlobal
